
Microsoft Visual Studio Solution File, Format Version 12.00
# Visual Studio Version 17
VisualStudioVersion = 17.5.33414.496
MinimumVisualStudioVersion = 10.0.40219.1
Project("{FAE04EC0-301F-11D3-BF4B-00C04F79EFBC}") = "Database Library", "Database Library\Database Library.csproj", "{78A57054-5E87-4945-83C5-73665EDDEEB1}"
EndProject
Global
	GlobalSection(SolutionConfigurationPlatforms) = preSolution
		Debug|Any CPU = Debug|Any CPU
		Release|Any CPU = Release|Any CPU
	EndGlobalSection
	GlobalSection(ProjectConfigurationPlatforms) = postSolution
		{78A57054-5E87-4945-83C5-73665EDDEEB1}.Debug|Any CPU.ActiveCfg = Debug|Any CPU
		{78A57054-5E87-4945-83C5-73665EDDEEB1}.Debug|Any CPU.Build.0 = Debug|Any CPU
		{78A57054-5E87-4945-83C5-73665EDDEEB1}.Release|Any CPU.ActiveCfg = Release|Any CPU
		{78A57054-5E87-4945-83C5-73665EDDEEB1}.Release|Any CPU.Build.0 = Release|Any CPU
	EndGlobalSection
	GlobalSection(SolutionProperties) = preSolution
		HideSolutionNode = FALSE
	EndGlobalSection
	GlobalSection(ExtensibilityGlobals) = postSolution
		SolutionGuid = {7E0A2458-F218-48C0-8A2B-09B827A115B4}
	EndGlobalSection
EndGlobal
